
Microsoft Visual Studio Solution File, Format Version 12.00
# Visual Studio Version 16
VisualStudioVersion = 16.0.31702.278
MinimumVisualStudioVersion = 10.0.40219.1
Project("{FAE04EC0-301F-11D3-BF4B-00C04F79EFBC}") = "DBMS Web Relational", "DBMS Web Relational.csproj", "{C489BACE-2315-46F9-AADB-E6FF25EA2820}"
EndProject
Global
	GlobalSection(SolutionConfigurationPlatforms) = preSolution
		Debug|Any CPU = Debug|Any CPU
		Release|Any CPU = Release|Any CPU
	EndGlobalSection
	GlobalSection(ProjectConfigurationPlatforms) = postSolution
		{C489BACE-2315-46F9-AADB-E6FF25EA2820}.Debug|Any CPU.ActiveCfg = Debug|Any CPU
		{C489BACE-2315-46F9-AADB-E6FF25EA2820}.Debug|Any CPU.Build.0 = Debug|Any CPU
		{C489BACE-2315-46F9-AADB-E6FF25EA2820}.Release|Any CPU.ActiveCfg = Release|Any CPU
		{C489BACE-2315-46F9-AADB-E6FF25EA2820}.Release|Any CPU.Build.0 = Release|Any CPU
	EndGlobalSection
	GlobalSection(SolutionProperties) = preSolution
		HideSolutionNode = FALSE
	EndGlobalSection
	GlobalSection(ExtensibilityGlobals) = postSolution
		SolutionGuid = {2B083522-4BF6-4BFE-B2BF-727B5B670021}
	EndGlobalSection
EndGlobal
